{
  "lockfileVersion": 2,
  "configVersion": 1,
  "workspaces": {
    "": {
      "name": "backend",
      "dependencies": {
        "@types/mongoose": "^5.11.97",
        "@types/ws": "^8.18.1",
        "common": "*",
        "db": "*",
        "mongoose": "^9.9.4",
        "uuid": "^14.0.2",
        "uuidv4": "^6.2.13",
        "ws": "^8.21.3",
      },
      "devDependencies": {
        "@types/bun": "latest",
      },
      "peerDependencies": {
        "typescript": "^5",
      },
    },
  },
  "packages": {
    "@mongodb-js/saslprep": ["@mongodb-js/saslprep@1.5.0", "", { "dependencies": { "sparse-bitfield": "^3.0.3" } }, "sha512-Hk1SKJCMcCos38+vqDnZzlIo4XRj9yCGzYkjB4LcqpeXRIYfia1UWTz+VrueLxoU+uSRJzgkufxoRZg8gi52YA=="],

    "@standard-schema/spec": ["@standard-schema/spec@1.1.0", "", {}, "sha512-l2aFy5jALhniG5HgqrD6jXLi/rUWrKvqN/qJx6yoJsgKhblVd+iqqU4RCXavm/jPityDo5TCvKMnpjKnOriy0w=="],

    "@types/bun": ["@types/bun@1.4.1", "", { "dependencies": { "bun-types": "1.4.1" } }, "sha512-0AVGiTXGajf1rgKom3N+c5L7CBxuoyyv1i44M0nX4UDK0G/fnRAMiri93nHuVPIb429KKtAgj7HatVmmOjeQLA=="],

    "@types/geojson": ["@types/geojson@7946.0.16", "", {}, "sha512-6C8nqWur3j98U6+lXDfTUWIfgvZU+EumvpHKcYjujKH7woYyLj2sUmff0tRhrqM7BohUw7Pz3ZB1jj2gW9Fvmg=="],

    "@types/mongoose": ["@types/mongoose@5.11.97", "", { "dependencies": { "mongoose": "*" } }, "sha512-cqwOVYT3qXyLiGw7ueU2kX9noE8DPGRY6z8eUxudhXY8NZ7DMKYAxyZkLSevGfhCX3dO/AoX5/SO9lAzfjon0Q=="],

    "@types/node": ["@types/node@26.4.1", "", { "dependencies": { "undici-types": "~8.3.0" } }, "sha512-k97ENvZWtvA6yqz5/FS6a7duDgOPEeOQOc2iKS/nY6mX6qJUKtLnWzQS+Xj6tXweyj6ZcTAK2Qecetnvi9nCLA=="],

    "@types/uuid": ["@types/uuid@8.3.4", "", {}, "sha512-c/I8ZRb51j+pYGAu5CrFMRxqZ2ke4y2grEBO5AUjgSkSk+qT2Ea+OdWElz/OiMf5MNpn2b17kuVBwZLQJXzihw=="],

    "@types/webidl-conversions": ["@types/webidl-conversions@7.0.3", "", {}, "sha512-CiJJvcRtIgzadHCYXw7dqEnMNRjhGZlYK05Mj9OyktqV8uVT8fD2BFOB7S1uwBE3Kj2Z+4UyPmFw/Ixgw/LAlA=="],

    "@types/whatwg-url": ["@types/whatwg-url@13.0.0", "", { "dependencies": { "@types/webidl-conversions": "*" } }, "sha512-N8WXpbE6Wgri7KUSvrmQcqrMllKZ9uxkYWMt+mCSGwNc0Hsw9VQTW7ApqI4XNrx6/SaM2QQJCzMPDEXE058s+Q=="],

    "@types/ws": ["@types/ws@8.18.1", "", { "dependencies": { "@types/node": "*" } }, "sha512-ThVF6DCVhA8kUGy+aazFQ4kXQ7E1Ty7A3ypFOe0IcJV8O/M511G99AW24irKrW56Wt44yG9+ij8FaqoBGkuBXg=="],

    "bignumber.js": ["bignumber.js@9.0.0", "", {}, "sha512-t/OYhhJ2SD+YGBQcjY8GzzDHEk9f3nerxjtfa6tlMXfe7frs/WozhvCNoGvpM0P3bNf3Gq5ZRMlGr5f3r4/N8A=="],

    "bson": ["bson@7.3.2", "", {}, "sha512-1w0ra+ho1cuE+w8jzwgzTFIimFtCfZeCoOsvIPQg6uyFCsp8M29U7bNNf5GrFh88TXbYg1g3TyKUGpd6O7q6zA=="],

    "bun-types": ["bun-types@1.4.1", "", { "dependencies": { "@types/node": "*" } }, "sha512-loKuVrAFZKfEv+JvWkHRS9GW5IqLuLRjVXN9p+vZvBN86O5hf/pBZQ5hSoyipsrMmWObZBDvWnlmKvjKTM0PdA=="],

    "common": ["common@0.2.5", "", {}, "sha512-bjuztiY8Wcz2V9dPpa0XdF0unGWqAGsnyKDGV7g6xDcaZfpufRrxV35qhuhjwv1h0jEPeiCHWKAQFLj702jGnA=="],

    "core-util-is": ["core-util-is@1.0.3", "", {}, "sha512-ZQBvi1DcpJ4GDqanjucZ2Hj3wEO5pZDS89BWbkcrvdxksJorwUDDZamX9ldFkp9aw2lmBDLgkObEA4DWNJ9FYQ=="],

    "db": ["db@6.0.3", "", { "dependencies": { "mariadb": "^3.3.0", "mysql": "^2.18.1", "mysql8": "^2.17.3", "sleepless": "^6.0.2" } }, "sha512-/ko/Eppbm8GkcsobSspS41MWjxxyRMccxFK25rKsf2VjfPEuP5aPMJt98gfoYeLFuM1O55qwZl5BU82gGG3aVw=="],

    "denque": ["denque@2.1.0", "", {}, "sha512-HVQE3AAb/pxF8fQAoiqpvg9i3evqug3hoiwakOyZAwJm+6vZehbkYXZ0l4JxS+I3QxM97v5aaRNhj8v5oBhekw=="],

    "iconv-lite": ["iconv-lite@0.7.3", "", { "dependencies": { "safer-buffer": ">= 2.1.2 < 3.0.0" } }, "sha512-IKXpvIzjnC9XTAUbVBcMfGS0EPaIXtW6v+zr+RRp+hqULEpo0owZax6wyRwPOJbWbzjYspQwusTsfVr0ifh4uQ=="],

    "inherits": ["inherits@2.0.4", "", {}, "sha512-k/vGaX4/Yla3WzyMCvTQOXYeIHvqOKtnqBduzTHpzpQZzAskKMhZ2K+EnBiSM9zGSoIFeMpXKxa4dYeZIQqewQ=="],

    "isarray": ["isarray@1.0.0", "", {}, "sha512-VLghIWNM6ELQzo7zwmcg0NmTVyWKYjvIeM83yjp0wRDTmUnrM678fQbcKBo6n2CJEF0szoG//ytg+TKla89ALQ=="],

    "kareem": ["kareem@3.3.0", "", {}, "sha512-kpSuLD3/7RenBnjnJdOHXCKC8dTd1JzeOiJhN0necWWci6cC+qX+VuwPnMVgb+a4+KNJSfgqahpnfWaeDXCimw=="],

    "lru-cache": ["lru-cache@11.5.2", "", {}, "sha512-4pfM1Ff0x50o0tQwb5ucw/RzNyD0/YJME6IVcStalZuMWxdt3sR3huStTtxz4PUmvZfRguvDejasvQ2kifR11g=="],

    "mariadb": ["mariadb@3.5.4", "", { "dependencies": { "@types/geojson": "^7946.0.16", "@types/node": ">=20", "denque": "^2.1.0", "iconv-lite": "^0.7.2", "lru-cache": "^11.5.0" } }, "sha512-3m0vdfgRkjle5/9hHl4R7rlVvnDA7QfuFSNkdIAQNROWKOS0J3b9IQK9HaZSCGEVKiDUbFXFiINfC+cmR5P/aA=="],

    "memory-pager": ["memory-pager@1.5.0", "", {}, "sha512-ZS4Bp4r/Zoeq6+NLJpP+0Zzm0pR8whtGPf1XExKLJBAczGMnSi3It14OiNCStjQjM6NU1okjQGSxgEZN8eBYKg=="],

    "mongodb": ["mongodb@7.5.0", "", { "dependencies": { "@mongodb-js/saslprep": "^1.4.11", "bson": "^7.2.0", "mongodb-connection-string-url": "^7.0.1" }, "peerDependencies": { "@aws-sdk/credential-providers": "^3.806.0", "@mongodb-js/zstd": "^7.0.0", "gcp-metadata": "^7.0.1", "kerberos": "^7.0.0", "mongodb-client-encryption": "^7.2.0", "snappy": "^7.3.2", "socks": "^2.8.6" }, "optionalPeers": ["@aws-sdk/credential-providers", "@mongodb-js/zstd", "gcp-metadata", "kerberos", "mongodb-client-encryption", "snappy", "socks"] }, "sha512-5FnrEDLnvp6ycUOGLNLLU33BfCx2qmp2mJjGPDwKLruYsVzXVSK5fsGpoDXvsXJwBfBsD7ebMRdawbDxC2814g=="],

    "mongodb-connection-string-url": ["mongodb-connection-string-url@7.0.2", "", { "dependencies": { "@types/whatwg-url": "^13.0.0", "whatwg-url": "^14.1.0" } }, "sha512-ZoS07RoFqpKYQwAk59qmrx8+jJHNHU30UjlU96QktiGn1ltvDr+vCznLX5DiUBLEpMAHatHNWV1nM/74ul66kA=="],

    "mongoose": ["mongoose@9.9.5", "", { "dependencies": { "@standard-schema/spec": "^1.1.0", "kareem": "3.3.0", "mongodb": "~7.5", "mpath": "0.9.0", "mquery": "6.0.0", "ms": "2.1.3", "sift": "17.1.3" } }, "sha512-t/kUoeDjlHmav7yCaq//YKU3wiIgUPaTj4GrluiTHUw4jQ77/CXtdMDSor4f1u3SKLhIK6NgCF+AzzUqU02Aag=="],

    "mpath": ["mpath@0.9.0", "", {}, "sha512-ikJRQTk8hw5DEoFVxHG1Gn9T/xcjtdnOKIU1JTmGjZZlg9LST2mBLmcX3/ICIbgJydT2GOc15RnNy5mHmzfSew=="],

    "mquery": ["mquery@6.0.0", "", {}, "sha512-b2KQNsmgtkscfeDgkYMcWGn9vZI9YoXh802VDEwE6qc50zxBFQ0Oo8ROkawbPAsXCY1/Z1yp0MagqsZStPWJjw=="],

    "ms": ["ms@2.1.3", "", {}, "sha512-6FlzubTLZG3J2a/NVCAleEhjzq5oxgHyaCU9yYXvcLsvoVaHJq/s5xXI6/XXP6tz7R9xAOtHnSO/tXtF3WRTlA=="],

    "mysql": ["mysql@2.18.1", "", { "dependencies": { "bignumber.js": "9.0.0", "readable-stream": "2.3.7", "safe-buffer": "5.1.2", "sqlstring": "2.3.1" } }, "sha512-Bca+gk2YWmqp2Uf6k5NFEurwY/0td0cpebAucFpY/3jhrwrVGuxU2uQFCHjU19SJfje0yQvi+rVWdq78hR5lig=="],

    "mysql8": ["mysql8@2.17.3", "", { "dependencies": { "bignumber.js": "7.2.1", "readable-stream": "2.3.6", "safe-buffer": "5.1.2", "sqlstring": "2.3.1" } }, "sha512-yTw8lFrdE/iZOnbJO8PWhW7NisU/AVw4HDnXYwetY7Wh8qocmx01TnF4ohRD+juOdHsz+u2dGuFh52EauR7Trg=="],

    "process-nextick-args": ["process-nextick-args@2.0.1", "", {}, "sha512-3ouUOpQhtgrbOa17J7+uxOTpITYWaGP7/AhoR3+A+/1e9skrzelGi/dXzEYyvbxubEF6Wn2ypscTKiKJFFn1ag=="],

    "punycode": ["punycode@2.3.1", "", {}, "sha512-vYt7UD1U9Wg6138shLtLOvdAu+8DsC/ilFtEVHcH+wydcSpNE20AfSOduf6MkRFahL5FY7X1oU7nKVZFtfq8Fg=="],

    "readable-stream": ["readable-stream@2.3.7", "", { "dependencies": { "core-util-is": "~1.0.0", "inherits": "~2.0.3", "isarray": "~1.0.0", "process-nextick-args": "~2.0.0", "safe-buffer": "~5.1.1", "string_decoder": "~1.1.1", "util-deprecate": "~1.0.1" } }, "sha512-Ebho8K4jIbHAxnuxi7o42OrZgF/ZTNcsZj6nRKyUmkhLFq8CHItp/fy6hQZuZmP/n3yZ9VBUbp4zz/mX8hmYPw=="],

    "safe-buffer": ["safe-buffer@5.1.2", "", {}, "sha512-Gd2UZBJDkXlY7GbJxfsE8/nvKkUEU1G38c1siN6QP6a9PT9MmHB8GnpscSmMJSoF8LOIrt8ud/wPtojys4G6+g=="],

    "safer-buffer": ["safer-buffer@2.1.2", "", {}, "sha512-YZo3K82SD7Riyi0E1EQPojLz7kpepnSQI9IyPbHHg1XXXevb5dJI7tpyN2ADxGcQbHG7vcyRHk0cbwqcQriUtg=="],

    "sift": ["sift@17.1.3", "", {}, "sha512-Rtlj66/b0ICeFzYTuNvX/EF1igRbbnGSvEyT79McoZa/DeGhMyC5pWKOEsZKnpkqtSeovd5FL/bjHWC3CIIvCQ=="],

    "sleepless": ["sleepless@6.2.0", "", { "dependencies": { "sleepless-components": "^1.0.0" } }, "sha512-UfW+8upqf3zSi9JdxlGqDJJi7Wj8cuyasR3V9k3s+Ijg+AV4PSYBtZu+PZf3M3WFy1XocIchqLoYD3Et0cRmhg=="],

    "sleepless-components": ["sleepless-components@1.0.0", "", {}, "sha512-X8ltihyCqf5G+TVA0QQhBXROaoqg9mb9cpPKH6uVqc+FRvT1yWAUHVPFOTKtK4w/9l41Xrs2McYbhdc23xe5HA=="],

    "sparse-bitfield": ["sparse-bitfield@3.0.3", "", { "dependencies": { "memory-pager": "^1.0.2" } }, "sha512-kvzhi7vqKTfkh0PZU+2D2PIllw2ymqJKujUcyPMd9Y75Nv4nPbGJZXNhxsgdQab2BmlDct1YnfQCguEvHr7VsQ=="],

    "sqlstring": ["sqlstring@2.3.1", "", {}, "sha512-ooAzh/7dxIG5+uDik1z/Rd1vli0+38izZhGzSa34FwR7IbelPWCCKSNIl8jlL/F7ERvy8CB2jNeM1E9i9mXMAQ=="],

    "string_decoder": ["string_decoder@1.1.1", "", { "dependencies": { "safe-buffer": "~5.1.0" } }, "sha512-n/ShnvDi6FHbbVfviro+WojiFzv+s8MPMHBczVePfUpDJLwoLT0ht1l4YwBCbi8pJAveEEdnkHyPyTP/mzRfwg=="],

    "tr46": ["tr46@5.1.1", "", { "dependencies": { "punycode": "^2.3.1" } }, "sha512-hdF5ZgjTqgAntKkklYw0R03MG2x/bSzTtkxmIRw/sTNV8YXsCJ1tfLAX23lhxhHJlEf3CRCOCGGWw3vI3GaSPw=="],

    "typescript": ["typescript@5.9.3", "", { "bin": { "tsc": "bin/tsc", "tsserver": "bin/tsserver" } }, "sha512-jl1vZzPDinLr9eUt3J/t7V6FgNEw9QjvBPdysz9KfQDD41fQrC2Y4vKQdiaUpFT4bXlb1RHhLpp8wtm6M5TgSw=="],

    "undici-types": ["undici-types@8.3.0", "", {}, "sha512-j375ScV60dom+YkPFIfTLcOiPxkN/buHz5GobjLhixFuANaNs3C9l4GmrWqejgXWJ7BbJcFYpTEUkS1Ge8bpZQ=="],

    "util-deprecate": ["util-deprecate@1.0.2", "", {}, "sha512-EPD5q1uXyFxJpCrLnCc1nHnq3gOa6DZBocAIiI2TaSCA7VCJ1UJDMagCzIkXNsUYfD1daK//LTEQ8xiIbrHtcw=="],

    "uuid": ["uuid@14.0.2", "", { "bin": { "uuid": "dist-node/bin/uuid" } }, "sha512-xZe/16rV4aa+HGSOCiY2YeLT1OybRLrrkL/Rqaq7p7GMVXjFh+6wN4oMYgjFmnSnhY8t6Xpdl2l9qmnHYuMHwQ=="],

    "uuidv4": ["uuidv4@6.2.13", "", { "dependencies": { "@types/uuid": "8.3.4", "uuid": "8.3.2" } }, "sha512-AXyzMjazYB3ovL3q051VLH06Ixj//Knx7QnUSi1T//Ie3io6CpsPu9nVMOx5MoLWh6xV0B9J0hIaxungxXUbPQ=="],

    "webidl-conversions": ["webidl-conversions@7.0.0", "", {}, "sha512-VwddBukDzu71offAQR975unBIGqfKZpM+8ZX6ySk8nYhVoo5CYaZyzt3YBvYtRtO+aoGlqxPg/B87NGVZ/fu6g=="],

    "whatwg-url": ["whatwg-url@14.2.0", "", { "dependencies": { "tr46": "^5.1.0", "webidl-conversions": "^7.0.0" } }, "sha512-De72GdQZzNTUBBChsXueQUnPKDkg/5A5zp7pFDuQAj5UFoENpiACU0wlCvzpAGnTkj++ihpKwKyYewn/XNUbKw=="],

    "ws": ["ws@8.21.3", "", { "peerDependencies": { "bufferutil": "^4.0.1", "utf-8-validate": ">=5.0.2" }, "optionalPeers": ["bufferutil", "utf-8-validate"] }, "sha512-201TZ/kPWxoPr/OKWjquZR1SWKXcvxdH+e1xrx89b3YbmzLMFCLfnaG1HFIgWzJOEWZ7MvpK++odZufgYR50Rw=="],

    "mysql8/bignumber.js": ["bignumber.js@7.2.1", "", {}, "sha512-S4XzBk5sMB+Rcb/LNcpzXr57VRTxgAvaAEDAl1AwRx27j00hT84O6OkteE7u8UB3NuaaygCRrEpqox4uDOrbdQ=="],

    "mysql8/readable-stream": ["readable-stream@2.3.6", "", { "dependencies": { "core-util-is": "~1.0.0", "inherits": "~2.0.3", "isarray": "~1.0.0", "process-nextick-args": "~2.0.0", "safe-buffer": "~5.1.1", "string_decoder": "~1.1.1", "util-deprecate": "~1.0.1" } }, "sha512-tQtKA9WIAhBF3+VLAseyMqZeBjW0AHJoxOtYqSUZNJxauErmLbVm2FW1y+J/YA9dUrAC39ITejlZWhVIwawkKw=="],

    "uuidv4/uuid": ["uuid@8.3.2", "", { "bin": { "uuid": "dist/bin/uuid" } }, "sha512-+NYs2QeMWy+GWFOEm9xnn6HCDp0l7QBD7ml8zLUmJ+93Q5NF0NocErnwkTkXVFNiX3/fpC6afS8Dhb/gz7R7eg=="],
  }
}
